// !$*UTF8*$!
{
	archiveVersion = 1;
	classes = {
	};
	objectVersion = 46;
	objects = {

/* Begin PBXBuildFile section */
		25E40C4D1B3DA9DB0018A43F /* main.m in Sources */ = {isa = PBXBuildFile; fileRef = 25E40C4C1B3DA9DB0018A43F /* main.m */; };
		25E40C501B3DA9DB0018A43F /* AppDelegate.m in Sources */ = {isa = PBXBuildFile; fileRef = 25E40C4F1B3DA9DB0018A43F /* AppDelegate.m */; };
		25E40C531B3DA9DB0018A43F /* DLWebServiceStructure.xcdatamodeld in Sources */ = {isa = PBXBuildFile; fileRef = 25E40C511B3DA9DB0018A43F /* DLWebServiceStructure.xcdatamodeld */; };
		25E40C5C1B3DA9DC0018A43F /* Main.storyboard in Resources */ = {isa = PBXBuildFile; fileRef = 25E40C5A1B3DA9DC0018A43F /* Main.storyboard */; };
		25E40C5E1B3DA9DC0018A43F /* Assets.xcassets in Resources */ = {isa = PBXBuildFile; fileRef = 25E40C5D1B3DA9DC0018A43F /* Assets.xcassets */; };
		25E40C611B3DA9DC0018A43F /* LaunchScreen.storyboard in Resources */ = {isa = PBXBuildFile; fileRef = 25E40C5F1B3DA9DC0018A43F /* LaunchScreen.storyboard */; };
		25E40C6C1B3DA9DC0018A43F /* DLWebServiceStructureTests.m in Sources */ = {isa = PBXBuildFile; fileRef = 25E40C6B1B3DA9DC0018A43F /* DLWebServiceStructureTests.m */; };
		25E40C771B3DA9DC0018A43F /* DLWebServiceStructureUITests.m in Sources */ = {isa = PBXBuildFile; fileRef = 25E40C761B3DA9DC0018A43F /* DLWebServiceStructureUITests.m */; };
		3CEF4B7C4CF0407602AA0FDA /* libPods.a in Frameworks */ = {isa = PBXBuildFile; fileRef = 41B6B6599C03895497E47E13 /* libPods.a */; };
		EA6FED981B3EFCAF00266C32 /* DGDataManager.m in Sources */ = {isa = PBXBuildFile; fileRef = EA6FED971B3EFCAF00266C32 /* DGDataManager.m */; };
		EA6FED9C1B3EFCD800266C32 /* DGRequestBuilder.m in Sources */ = {isa = PBXBuildFile; fileRef = EA6FED9B1B3EFCD800266C32 /* DGRequestBuilder.m */; };
		EA6FEDA01B3EFD0600266C32 /* DGRequestManager.m in Sources */ = {isa = PBXBuildFile; fileRef = EA6FED9F1B3EFD0600266C32 /* DGRequestManager.m */; };
		EA6FEDA41B3EFD3D00266C32 /* DGSystemConfiguration.m in Sources */ = {isa = PBXBuildFile; fileRef = EA6FEDA31B3EFD3D00266C32 /* DGSystemConfiguration.m */; };
		EA6FEDA81B3EFD9E00266C32 /* DGUtility.m in Sources */ = {isa = PBXBuildFile; fileRef = EA6FEDA71B3EFD9E00266C32 /* DGUtility.m */; };
		EA6FEDAE1B3EFF1500266C32 /* configuration.plist in Resources */ = {isa = PBXBuildFile; fileRef = EA6FEDAD1B3EFF1500266C32 /* configuration.plist */; };
		EAD25C1D1B4096DD00A8975C /* DGDashBoardViewController.m in Sources */ = {isa = PBXBuildFile; fileRef = EAD25C1C1B4096DD00A8975C /* DGDashBoardViewController.m */; };
		EAD25C221B40998700A8975C /* DGDashBoardTableCell.m in Sources */ = {isa = PBXBuildFile; fileRef = EAD25C211B40998700A8975C /* DGDashBoardTableCell.m */; };
/* End PBXBuildFile section */

/* Begin PBXContainerItemProxy section */
		25E40C681B3DA9DC0018A43F /* PBXContainerItemProxy */ = {
			isa = PBXContainerItemProxy;
			containerPortal = 25E40C401B3DA9DB0018A43F /* Project object */;
			proxyType = 1;
			remoteGlobalIDString = 25E40C471B3DA9DB0018A43F;
			remoteInfo = DLWebServiceStructure;
		};
		25E40C731B3DA9DC0018A43F /* PBXContainerItemProxy */ = {
			isa = PBXContainerItemProxy;
			containerPortal = 25E40C401B3DA9DB0018A43F /* Project object */;
			proxyType = 1;
			remoteGlobalIDString = 25E40C471B3DA9DB0018A43F;
			remoteInfo = DLWebServiceStructure;
		};
/* End PBXContainerItemProxy section */

/* Begin PBXFileReference section */
		25E40C481B3DA9DB0018A43F /* DLWebServiceStructure.app */ = {isa = PBXFileReference; explicitFileType = wrapper.application; includeInIndex = 0; path = DLWebServiceStructure.app; sourceTree = BUILT_PRODUCTS_DIR; };
		25E40C4C1B3DA9DB0018A43F /* main.m */ = {isa = PBXFileReference; lastKnownFileType = sourcecode.c.objc; path = main.m; sourceTree = "<group>"; };
		25E40C4E1B3DA9DB0018A43F /* AppDelegate.h */ = {isa = PBXFileReference; lastKnownFileType = sourcecode.c.h; path = AppDelegate.h; sourceTree = "<group>"; };
		25E40C4F1B3DA9DB0018A43F /* AppDelegate.m */ = {isa = PBXFileReference; lastKnownFileType = sourcecode.c.objc; path = AppDelegate.m; sourceTree = "<group>"; };
		25E40C521B3DA9DB0018A43F /* DLWebServiceStructure.xcdatamodel */ = {isa = PBXFileReference; lastKnownFileType = wrapper.xcdatamodel; path = DLWebServiceStructure.xcdatamodel; sourceTree = "<group>"; };
		25E40C5B1B3DA9DC0018A43F /* Base */ = {isa = PBXFileReference; lastKnownFileType = file.storyboard; name = Base; path = Base.lproj/Main.storyboard; sourceTree = "<group>"; };
		25E40C5D1B3DA9DC0018A43F /* Assets.xcassets */ = {isa = PBXFileReference; lastKnownFileType = folder.assetcatalog; path = Assets.xcassets; sourceTree = "<group>"; };
		25E40C601B3DA9DC0018A43F /* Base */ = {isa = PBXFileReference; lastKnownFileType = file.storyboard; name = Base; path = Base.lproj/LaunchScreen.storyboard; sourceTree = "<group>"; };
		25E40C621B3DA9DC0018A43F /* Info.plist */ = {isa = PBXFileReference; lastKnownFileType = text.plist.xml; path = Info.plist; sourceTree = "<group>"; };
		25E40C671B3DA9DC0018A43F /* DLWebServiceStructureTests.xctest */ = {isa = PBXFileReference; explicitFileType = wrapper.cfbundle; includeInIndex = 0; path = DLWebServiceStructureTests.xctest; sourceTree = BUILT_PRODUCTS_DIR; };
		25E40C6B1B3DA9DC0018A43F /* DLWebServiceStructureTests.m */ = {isa = PBXFileReference; lastKnownFileType = sourcecode.c.objc; path = DLWebServiceStructureTests.m; sourceTree = "<group>"; };
		25E40C6D1B3DA9DC0018A43F /* Info.plist */ = {isa = PBXFileReference; lastKnownFileType = text.plist.xml; path = Info.plist; sourceTree = "<group>"; };
		25E40C721B3DA9DC0018A43F /* DLWebServiceStructureUITests.xctest */ = {isa = PBXFileReference; explicitFileType = wrapper.cfbundle; includeInIndex = 0; path = DLWebServiceStructureUITests.xctest; sourceTree = BUILT_PRODUCTS_DIR; };
		25E40C761B3DA9DC0018A43F /* DLWebServiceStructureUITests.m */ = {isa = PBXFileReference; lastKnownFileType = sourcecode.c.objc; path = DLWebServiceStructureUITests.m; sourceTree = "<group>"; };
		25E40C781B3DA9DC0018A43F /* Info.plist */ = {isa = PBXFileReference; lastKnownFileType = text.plist.xml; path = Info.plist; sourceTree = "<group>"; };
		41B6B6599C03895497E47E13 /* libPods.a */ = {isa = PBXFileReference; explicitFileType = archive.ar; includeInIndex = 0; path = libPods.a; sourceTree = BUILT_PRODUCTS_DIR; };
		BB2B24E15924C9F2DDA627C8 /* Pods.release.xcconfig */ = {isa = PBXFileReference; includeInIndex = 1; lastKnownFileType = text.xcconfig; name = Pods.release.xcconfig; path = "Pods/Target Support Files/Pods/Pods.release.xcconfig"; sourceTree = "<group>"; };
		EA6FED961B3EFCAF00266C32 /* DGDataManager.h */ = {isa = PBXFileReference; fileEncoding = 4; lastKnownFileType = sourcecode.c.h; name = DGDataManager.h; path = DataManager/DGDataManager.h; sourceTree = "<group>"; };
		EA6FED971B3EFCAF00266C32 /* DGDataManager.m */ = {isa = PBXFileReference; fileEncoding = 4; lastKnownFileType = sourcecode.c.objc; name = DGDataManager.m; path = DataManager/DGDataManager.m; sourceTree = "<group>"; };
		EA6FED9A1B3EFCD800266C32 /* DGRequestBuilder.h */ = {isa = PBXFileReference; fileEncoding = 4; lastKnownFileType = sourcecode.c.h; name = DGRequestBuilder.h; path = RequestBuilder/DGRequestBuilder.h; sourceTree = "<group>"; };
		EA6FED9B1B3EFCD800266C32 /* DGRequestBuilder.m */ = {isa = PBXFileReference; fileEncoding = 4; lastKnownFileType = sourcecode.c.objc; name = DGRequestBuilder.m; path = RequestBuilder/DGRequestBuilder.m; sourceTree = "<group>"; };
		EA6FED9E1B3EFD0600266C32 /* DGRequestManager.h */ = {isa = PBXFileReference; fileEncoding = 4; lastKnownFileType = sourcecode.c.h; name = DGRequestManager.h; path = RequestManager/DGRequestManager.h; sourceTree = "<group>"; };
		EA6FED9F1B3EFD0600266C32 /* DGRequestManager.m */ = {isa = PBXFileReference; fileEncoding = 4; lastKnownFileType = sourcecode.c.objc; name = DGRequestManager.m; path = RequestManager/DGRequestManager.m; sourceTree = "<group>"; };
		EA6FEDA21B3EFD3D00266C32 /* DGSystemConfiguration.h */ = {isa = PBXFileReference; fileEncoding = 4; lastKnownFileType = sourcecode.c.h; name = DGSystemConfiguration.h; path = SystemConfiguration/DGSystemConfiguration.h; sourceTree = "<group>"; };
		EA6FEDA31B3EFD3D00266C32 /* DGSystemConfiguration.m */ = {isa = PBXFileReference; fileEncoding = 4; lastKnownFileType = sourcecode.c.objc; name = DGSystemConfiguration.m; path = SystemConfiguration/DGSystemConfiguration.m; sourceTree = "<group>"; };
		EA6FEDA61B3EFD9E00266C32 /* DGUtility.h */ = {isa = PBXFileReference; fileEncoding = 4; lastKnownFileType = sourcecode.c.h; name = DGUtility.h; path = Utility/DGUtility.h; sourceTree = "<group>"; };
		EA6FEDA71B3EFD9E00266C32 /* DGUtility.m */ = {isa = PBXFileReference; fileEncoding = 4; lastKnownFileType = sourcecode.c.objc; name = DGUtility.m; path = Utility/DGUtility.m; sourceTree = "<group>"; };
		EA6FEDAA1B3EFDE300266C32 /* DGConstant.h */ = {isa = PBXFileReference; fileEncoding = 4; lastKnownFileType = sourcecode.c.h; name = DGConstant.h; path = Utility/DGConstant.h; sourceTree = "<group>"; };
		EA6FEDAD1B3EFF1500266C32 /* configuration.plist */ = {isa = PBXFileReference; fileEncoding = 4; lastKnownFileType = text.plist.xml; name = configuration.plist; path = Targets/TargetOne/configuration.plist; sourceTree = "<group>"; };
		EAD25C141B40943000A8975C /* DLWebServiceStructure copy-Info.plist */ = {isa = PBXFileReference; lastKnownFileType = text.plist.xml; name = "DLWebServiceStructure copy-Info.plist"; path = "/Users/DurgeshGupta/Desktop/DGWebServiceStructure/DLWebServiceStructure/DLWebServiceStructure copy-Info.plist"; sourceTree = "<absolute>"; };
		EAD25C1B1B4096DD00A8975C /* DGDashBoardViewController.h */ = {isa = PBXFileReference; fileEncoding = 4; lastKnownFileType = sourcecode.c.h; name = DGDashBoardViewController.h; path = SourceFile/Dashboard/Controller/DGDashBoardViewController.h; sourceTree = "<group>"; };
		EAD25C1C1B4096DD00A8975C /* DGDashBoardViewController.m */ = {isa = PBXFileReference; fileEncoding = 4; lastKnownFileType = sourcecode.c.objc; name = DGDashBoardViewController.m; path = SourceFile/Dashboard/Controller/DGDashBoardViewController.m; sourceTree = "<group>"; };
		EAD25C201B40998700A8975C /* DGDashBoardTableCell.h */ = {isa = PBXFileReference; fileEncoding = 4; lastKnownFileType = sourcecode.c.h; name = DGDashBoardTableCell.h; path = SourceFile/Dashboard/View/DGDashBoardTableCell.h; sourceTree = "<group>"; };
		EAD25C211B40998700A8975C /* DGDashBoardTableCell.m */ = {isa = PBXFileReference; fileEncoding = 4; lastKnownFileType = sourcecode.c.objc; name = DGDashBoardTableCell.m; path = SourceFile/Dashboard/View/DGDashBoardTableCell.m; sourceTree = "<group>"; };
		F4562E682679A165A210D67A /* Pods.debug.xcconfig */ = {isa = PBXFileReference; includeInIndex = 1; lastKnownFileType = text.xcconfig; name = Pods.debug.xcconfig; path = "Pods/Target Support Files/Pods/Pods.debug.xcconfig"; sourceTree = "<group>"; };
/* End PBXFileReference section */

/* Begin PBXFrameworksBuildPhase section */
		25E40C451B3DA9DB0018A43F /* Frameworks */ = {
			isa = PBXFrameworksBuildPhase;
			buildActionMask = 2147483647;
			files = (
				3CEF4B7C4CF0407602AA0FDA /* libPods.a in Frameworks */,
			);
			runOnlyForDeploymentPostprocessing = 0;
		};
		25E40C641B3DA9DC0018A43F /* Frameworks */ = {
			isa = PBXFrameworksBuildPhase;
			buildActionMask = 2147483647;
			files = (
			);
			runOnlyForDeploymentPostprocessing = 0;
		};
		25E40C6F1B3DA9DC0018A43F /* Frameworks */ = {
			isa = PBXFrameworksBuildPhase;
			buildActionMask = 2147483647;
			files = (
			);
			runOnlyForDeploymentPostprocessing = 0;
		};
/* End PBXFrameworksBuildPhase section */

/* Begin PBXGroup section */
		10A23566FB4CC137F3E90B10 /* Frameworks */ = {
			isa = PBXGroup;
			children = (
				41B6B6599C03895497E47E13 /* libPods.a */,
			);
			name = Frameworks;
			sourceTree = "<group>";
		};
		25E40C3F1B3DA9DB0018A43F = {
			isa = PBXGroup;
			children = (
				25E40C4A1B3DA9DB0018A43F /* DLWebServiceStructure */,
				25E40C6A1B3DA9DC0018A43F /* DLWebServiceStructureTests */,
				25E40C751B3DA9DC0018A43F /* DLWebServiceStructureUITests */,
				25E40C491B3DA9DB0018A43F /* Products */,
				8F1A605636831FF08CE938CF /* Pods */,
				10A23566FB4CC137F3E90B10 /* Frameworks */,
				EAD25C141B40943000A8975C /* DLWebServiceStructure copy-Info.plist */,
			);
			sourceTree = "<group>";
		};
		25E40C491B3DA9DB0018A43F /* Products */ = {
			isa = PBXGroup;
			children = (
				25E40C481B3DA9DB0018A43F /* DLWebServiceStructure.app */,
				25E40C671B3DA9DC0018A43F /* DLWebServiceStructureTests.xctest */,
				25E40C721B3DA9DC0018A43F /* DLWebServiceStructureUITests.xctest */,
			);
			name = Products;
			sourceTree = "<group>";
		};
		25E40C4A1B3DA9DB0018A43F /* DLWebServiceStructure */ = {
			isa = PBXGroup;
			children = (
				EA6FEDAF1B3EFF2300266C32 /* Targets */,
				EA6FEDA91B3EFDB400266C32 /* Utility */,
				EA6FEDA51B3EFD4700266C32 /* SystemConfiguration */,
				EA6FEDA11B3EFD0E00266C32 /* RequestManager */,
				EA6FED9D1B3EFCE000266C32 /* RequestBuilder */,
				EA6FED991B3EFCB700266C32 /* DataManager */,
				25E40C4E1B3DA9DB0018A43F /* AppDelegate.h */,
				25E40C4F1B3DA9DB0018A43F /* AppDelegate.m */,
				EAD25C181B40969100A8975C /* Source */,
				25E40C5A1B3DA9DC0018A43F /* Main.storyboard */,
				25E40C5D1B3DA9DC0018A43F /* Assets.xcassets */,
				25E40C5F1B3DA9DC0018A43F /* LaunchScreen.storyboard */,
				25E40C621B3DA9DC0018A43F /* Info.plist */,
				25E40C511B3DA9DB0018A43F /* DLWebServiceStructure.xcdatamodeld */,
				25E40C4B1B3DA9DB0018A43F /* Supporting Files */,
			);
			path = DLWebServiceStructure;
			sourceTree = "<group>";
		};
		25E40C4B1B3DA9DB0018A43F /* Supporting Files */ = {
			isa = PBXGroup;
			children = (
				25E40C4C1B3DA9DB0018A43F /* main.m */,
			);
			name = "Supporting Files";
			sourceTree = "<group>";
		};
		25E40C6A1B3DA9DC0018A43F /* DLWebServiceStructureTests */ = {
			isa = PBXGroup;
			children = (
				25E40C6B1B3DA9DC0018A43F /* DLWebServiceStructureTests.m */,
				25E40C6D1B3DA9DC0018A43F /* Info.plist */,
			);
			path = DLWebServiceStructureTests;
			sourceTree = "<group>";
		};
		25E40C751B3DA9DC0018A43F /* DLWebServiceStructureUITests */ = {
			isa = PBXGroup;
			children = (
				25E40C761B3DA9DC0018A43F /* DLWebServiceStructureUITests.m */,
				25E40C781B3DA9DC0018A43F /* Info.plist */,
			);
			path = DLWebServiceStructureUITests;
			sourceTree = "<group>";
		};
		8F1A605636831FF08CE938CF /* Pods */ = {
			isa = PBXGroup;
			children = (
				F4562E682679A165A210D67A /* Pods.debug.xcconfig */,
				BB2B24E15924C9F2DDA627C8 /* Pods.release.xcconfig */,
			);
			name = Pods;
			sourceTree = "<group>";
		};
		EA6FED991B3EFCB700266C32 /* DataManager */ = {
			isa = PBXGroup;
			children = (
				EA6FED961B3EFCAF00266C32 /* DGDataManager.h */,
				EA6FED971B3EFCAF00266C32 /* DGDataManager.m */,
			);
			name = DataManager;
			sourceTree = "<group>";
		};
		EA6FED9D1B3EFCE000266C32 /* RequestBuilder */ = {
			isa = PBXGroup;
			children = (
				EA6FED9A1B3EFCD800266C32 /* DGRequestBuilder.h */,
				EA6FED9B1B3EFCD800266C32 /* DGRequestBuilder.m */,
			);
			name = RequestBuilder;
			sourceTree = "<group>";
		};
		EA6FEDA11B3EFD0E00266C32 /* RequestManager */ = {
			isa = PBXGroup;
			children = (
				EA6FED9E1B3EFD0600266C32 /* DGRequestManager.h */,
				EA6FED9F1B3EFD0600266C32 /* DGRequestManager.m */,
			);
			name = RequestManager;
			sourceTree = "<group>";
		};
		EA6FEDA51B3EFD4700266C32 /* SystemConfiguration */ = {
			isa = PBXGroup;
			children = (
				EA6FEDA21B3EFD3D00266C32 /* DGSystemConfiguration.h */,
				EA6FEDA31B3EFD3D00266C32 /* DGSystemConfiguration.m */,
			);
			name = SystemConfiguration;
			sourceTree = "<group>";
		};
		EA6FEDA91B3EFDB400266C32 /* Utility */ = {
			isa = PBXGroup;
			children = (
				EA6FEDA61B3EFD9E00266C32 /* DGUtility.h */,
				EA6FEDA71B3EFD9E00266C32 /* DGUtility.m */,
				EA6FEDAA1B3EFDE300266C32 /* DGConstant.h */,
			);
			name = Utility;
			sourceTree = "<group>";
		};
		EA6FEDAF1B3EFF2300266C32 /* Targets */ = {
			isa = PBXGroup;
			children = (
				EA6FEDB01B3EFF2F00266C32 /* TargetOne */,
			);
			name = Targets;
			sourceTree = "<group>";
		};
		EA6FEDB01B3EFF2F00266C32 /* TargetOne */ = {
			isa = PBXGroup;
			children = (
				EA6FEDAD1B3EFF1500266C32 /* configuration.plist */,
			);
			name = TargetOne;
			sourceTree = "<group>";
		};
		EAD25C181B40969100A8975C /* Source */ = {
			isa = PBXGroup;
			children = (
				EAD25C191B40969E00A8975C /* Dashboard */,
			);
			name = Source;
			sourceTree = "<group>";
		};
		EAD25C191B40969E00A8975C /* Dashboard */ = {
			isa = PBXGroup;
			children = (
				EAD25C1F1B40990E00A8975C /* Model */,
				EAD25C1E1B40990500A8975C /* View */,
				EAD25C1A1B4096AA00A8975C /* Controller */,
			);
			name = Dashboard;
			sourceTree = "<group>";
		};
		EAD25C1A1B4096AA00A8975C /* Controller */ = {
			isa = PBXGroup;
			children = (
				EAD25C1B1B4096DD00A8975C /* DGDashBoardViewController.h */,
				EAD25C1C1B4096DD00A8975C /* DGDashBoardViewController.m */,
			);
			name = Controller;
			sourceTree = "<group>";
		};
		EAD25C1E1B40990500A8975C /* View */ = {
			isa = PBXGroup;
			children = (
				EAD25C201B40998700A8975C /* DGDashBoardTableCell.h */,
				EAD25C211B40998700A8975C /* DGDashBoardTableCell.m */,
			);
			name = View;
			sourceTree = "<group>";
		};
		EAD25C1F1B40990E00A8975C /* Model */ = {
			isa = PBXGroup;
			children = (
			);
			name = Model;
			sourceTree = "<group>";
		};
/* End PBXGroup section */

/* Begin PBXNativeTarget section */
		25E40C471B3DA9DB0018A43F /* DLWebServiceStructure */ = {
			isa = PBXNativeTarget;
			buildConfigurationList = 25E40C7B1B3DA9DC0018A43F /* Build configuration list for PBXNativeTarget "DLWebServiceStructure" */;
			buildPhases = (
				3080E035B4EF82E5F805653A /* Check Pods Manifest.lock */,
				25E40C441B3DA9DB0018A43F /* Sources */,
				25E40C451B3DA9DB0018A43F /* Frameworks */,
				25E40C461B3DA9DB0018A43F /* Resources */,
				E30A827F01F18EE332622CBF /* Copy Pods Resources */,
			);
			buildRules = (
			);
			dependencies = (
			);
			name = DLWebServiceStructure;
			productName = DLWebServiceStructure;
			productReference = 25E40C481B3DA9DB0018A43F /* DLWebServiceStructure.app */;
			productType = "com.apple.product-type.application";
		};
		25E40C661B3DA9DC0018A43F /* DLWebServiceStructureTests */ = {
			isa = PBXNativeTarget;
			buildConfigurationList = 25E40C7E1B3DA9DC0018A43F /* Build configuration list for PBXNativeTarget "DLWebServiceStructureTests" */;
			buildPhases = (
				25E40C631B3DA9DC0018A43F /* Sources */,
				25E40C641B3DA9DC0018A43F /* Frameworks */,
				25E40C651B3DA9DC0018A43F /* Resources */,
			);
			buildRules = (
			);
			dependencies = (
				25E40C691B3DA9DC0018A43F /* PBXTargetDependency */,
			);
			name = DLWebServiceStructureTests;
			productName = DLWebServiceStructureTests;
			productReference = 25E40C671B3DA9DC0018A43F /* DLWebServiceStructureTests.xctest */;
			productType = "com.apple.product-type.bundle.unit-test";
		};
		25E40C711B3DA9DC0018A43F /* DLWebServiceStructureUITests */ = {
			isa = PBXNativeTarget;
			buildConfigurationList = 25E40C811B3DA9DC0018A43F /* Build configuration list for PBXNativeTarget "DLWebServiceStructureUITests" */;
			buildPhases = (
				25E40C6E1B3DA9DC0018A43F /* Sources */,
				25E40C6F1B3DA9DC0018A43F /* Frameworks */,
				25E40C701B3DA9DC0018A43F /* Resources */,
			);
			buildRules = (
			);
			dependencies = (
				25E40C741B3DA9DC0018A43F /* PBXTargetDependency */,
			);
			name = DLWebServiceStructureUITests;
			productName = DLWebServiceStructureUITests;
			productReference = 25E40C721B3DA9DC0018A43F /* DLWebServiceStructureUITests.xctest */;
			productType = "com.apple.product-type.bundle.ui-testing";
		};
/* End PBXNativeTarget section */

/* Begin PBXProject section */
		25E40C401B3DA9DB0018A43F /* Project object */ = {
			isa = PBXProject;
			attributes = {
				LastUpgradeCheck = 0700;
				ORGANIZATIONNAME = "Durgesh Gupta";
				TargetAttributes = {
					25E40C471B3DA9DB0018A43F = {
						CreatedOnToolsVersion = 7.0;
						DevelopmentTeam = HAU4M4XJ7Y;
					};
					25E40C661B3DA9DC0018A43F = {
						CreatedOnToolsVersion = 7.0;
						TestTargetID = 25E40C471B3DA9DB0018A43F;
					};
					25E40C711B3DA9DC0018A43F = {
						CreatedOnToolsVersion = 7.0;
						TestTargetID = 25E40C471B3DA9DB0018A43F;
					};
				};
			};
			buildConfigurationList = 25E40C431B3DA9DB0018A43F /* Build configuration list for PBXProject "DLWebServiceStructure" */;
			compatibilityVersion = "Xcode 3.2";
			developmentRegion = English;
			hasScannedForEncodings = 0;
			knownRegions = (
				en,
				Base,
			);
			mainGroup = 25E40C3F1B3DA9DB0018A43F;
			productRefGroup = 25E40C491B3DA9DB0018A43F /* Products */;
			projectDirPath = "";
			projectRoot = "";
			targets = (
				25E40C471B3DA9DB0018A43F /* DLWebServiceStructure */,
				25E40C661B3DA9DC0018A43F /* DLWebServiceStructureTests */,
				25E40C711B3DA9DC0018A43F /* DLWebServiceStructureUITests */,
			);
		};
/* End PBXProject section */

/* Begin PBXResourcesBuildPhase section */
		25E40C461B3DA9DB0018A43F /* Resources */ = {
			isa = PBXResourcesBuildPhase;
			buildActionMask = 2147483647;
			files = (
				25E40C611B3DA9DC0018A43F /* LaunchScreen.storyboard in Resources */,
				EA6FEDAE1B3EFF1500266C32 /* configuration.plist in Resources */,
				25E40C5E1B3DA9DC0018A43F /* Assets.xcassets in Resources */,
				25E40C5C1B3DA9DC0018A43F /* Main.storyboard in Resources */,
			);
			runOnlyForDeploymentPostprocessing = 0;
		};
		25E40C651B3DA9DC0018A43F /* Resources */ = {
			isa = PBXResourcesBuildPhase;
			buildActionMask = 2147483647;
			files = (
			);
			runOnlyForDeploymentPostprocessing = 0;
		};
		25E40C701B3DA9DC0018A43F /* Resources */ = {
			isa = PBXResourcesBuildPhase;
			buildActionMask = 2147483647;
			files = (
			);
			runOnlyForDeploymentPostprocessing = 0;
		};
/* End PBXResourcesBuildPhase section */

/* Begin PBXShellScriptBuildPhase section */
		3080E035B4EF82E5F805653A /* Check Pods Manifest.lock */ = {
			isa = PBXShellScriptBuildPhase;
			buildActionMask = 2147483647;
			files = (
			);
			inputPaths = (
			);
			name = "Check Pods Manifest.lock";
			outputPaths = (
			);
			runOnlyForDeploymentPostprocessing = 0;
			shellPath = /bin/sh;
			shellScript = "diff \"${PODS_ROOT}/../Podfile.lock\" \"${PODS_ROOT}/Manifest.lock\" > /dev/null\nif [[ $? != 0 ]] ; then\n    cat << EOM\nerror: The sandbox is not in sync with the Podfile.lock. Run 'pod install' or update your CocoaPods installation.\nEOM\n    exit 1\nfi\n";
			showEnvVarsInLog = 0;
		};
		E30A827F01F18EE332622CBF /* Copy Pods Resources */ = {
			isa = PBXShellScriptBuildPhase;
			buildActionMask = 2147483647;
			files = (
			);
			inputPaths = (
			);
			name = "Copy Pods Resources";
			outputPaths = (
			);
			runOnlyForDeploymentPostprocessing = 0;
			shellPath = /bin/sh;
			shellScript = "\"${SRCROOT}/Pods/Target Support Files/Pods/Pods-resources.sh\"\n";
			showEnvVarsInLog = 0;
		};
/* End PBXShellScriptBuildPhase section */

/* Begin PBXSourcesBuildPhase section */
		25E40C441B3DA9DB0018A43F /* Sources */ = {
			isa = PBXSourcesBuildPhase;
			buildActionMask = 2147483647;
			files = (
				EAD25C221B40998700A8975C /* DGDashBoardTableCell.m in Sources */,
				25E40C531B3DA9DB0018A43F /* DLWebServiceStructure.xcdatamodeld in Sources */,
				25E40C501B3DA9DB0018A43F /* AppDelegate.m in Sources */,
				EA6FED9C1B3EFCD800266C32 /* DGRequestBuilder.m in Sources */,
				EA6FED981B3EFCAF00266C32 /* DGDataManager.m in Sources */,
				EA6FEDA41B3EFD3D00266C32 /* DGSystemConfiguration.m in Sources */,
				EA6FEDA81B3EFD9E00266C32 /* DGUtility.m in Sources */,
				EA6FEDA01B3EFD0600266C32 /* DGRequestManager.m in Sources */,
				EAD25C1D1B4096DD00A8975C /* DGDashBoardViewController.m in Sources */,
				25E40C4D1B3DA9DB0018A43F /* main.m in Sources */,
			);
			runOnlyForDeploymentPostprocessing = 0;
		};
		25E40C631B3DA9DC0018A43F /* Sources */ = {
			isa = PBXSourcesBuildPhase;
			buildActionMask = 2147483647;
			files = (
				25E40C6C1B3DA9DC0018A43F /* DLWebServiceStructureTests.m in Sources */,
			);
			runOnlyForDeploymentPostprocessing = 0;
		};
		25E40C6E1B3DA9DC0018A43F /* Sources */ = {
			isa = PBXSourcesBuildPhase;
			buildActionMask = 2147483647;
			files = (
				25E40C771B3DA9DC0018A43F /* DLWebServiceStructureUITests.m in Sources */,
			);
			runOnlyForDeploymentPostprocessing = 0;
		};
/* End PBXSourcesBuildPhase section */

/* Begin PBXTargetDependency section */
		25E40C691B3DA9DC0018A43F /* PBXTargetDependency */ = {
			isa = PBXTargetDependency;
			target = 25E40C471B3DA9DB0018A43F /* DLWebServiceStructure */;
			targetProxy = 25E40C681B3DA9DC0018A43F /* PBXContainerItemProxy */;
		};
		25E40C741B3DA9DC0018A43F /* PBXTargetDependency */ = {
			isa = PBXTargetDependency;
			target = 25E40C471B3DA9DB0018A43F /* DLWebServiceStructure */;
			targetProxy = 25E40C731B3DA9DC0018A43F /* PBXContainerItemProxy */;
		};
/* End PBXTargetDependency section */

/* Begin PBXVariantGroup section */
		25E40C5A1B3DA9DC0018A43F /* Main.storyboard */ = {
			isa = PBXVariantGroup;
			children = (
				25E40C5B1B3DA9DC0018A43F /* Base */,
			);
			name = Main.storyboard;
			sourceTree = "<group>";
		};
		25E40C5F1B3DA9DC0018A43F /* LaunchScreen.storyboard */ = {
			isa = PBXVariantGroup;
			children = (
				25E40C601B3DA9DC0018A43F /* Base */,
			);
			name = LaunchScreen.storyboard;
			sourceTree = "<group>";
		};
/* End PBXVariantGroup section */

/* Begin XCBuildConfiguration section */
		25E40C791B3DA9DC0018A43F /* Debug */ = {
			isa = XCBuildConfiguration;
			buildSettings = {
				ALWAYS_SEARCH_USER_PATHS = NO;
				CLANG_CXX_LANGUAGE_STANDARD = "gnu++0x";
				CLANG_CXX_LIBRARY = "libc++";
				CLANG_ENABLE_MODULES = YES;
				CLANG_ENABLE_OBJC_ARC = YES;
				CLANG_WARN_BOOL_CONVERSION = YES;
				CLANG_WARN_CONSTANT_CONVERSION = YES;
				CLANG_WARN_DIRECT_OBJC_ISA_USAGE = YES_ERROR;
				CLANG_WARN_EMPTY_BODY = YES;
				CLANG_WARN_ENUM_CONVERSION = YES;
				CLANG_WARN_INT_CONVERSION = YES;
				CLANG_WARN_OBJC_ROOT_CLASS = YES_ERROR;
				CLANG_WARN_UNREACHABLE_CODE = YES;
				CLANG_WARN__DUPLICATE_METHOD_MATCH = YES;
				"CODE_SIGN_IDENTITY[sdk=iphoneos*]" = "iPhone Developer";
				COPY_PHASE_STRIP = NO;
				DEBUG_INFORMATION_FORMAT = dwarf;
				ENABLE_STRICT_OBJC_MSGSEND = YES;
				ENABLE_TESTABILITY = YES;
				GCC_C_LANGUAGE_STANDARD = gnu99;
				GCC_DYNAMIC_NO_PIC = NO;
				GCC_NO_COMMON_BLOCKS = YES;
				GCC_OPTIMIZATION_LEVEL = 0;
				GCC_PREPROCESSOR_DEFINITIONS = (
					"DEBUG=1",
					"$(inherited)",
				);
				GCC_WARN_64_TO_32_BIT_CONVERSION = YES;
				GCC_WARN_ABOUT_RETURN_TYPE = YES_ERROR;
				GCC_WARN_UNDECLARED_SELECTOR = YES;
				GCC_WARN_UNINITIALIZED_AUTOS = YES_AGGRESSIVE;
				GCC_WARN_UNUSED_FUNCTION = YES;
				GCC_WARN_UNUSED_VARIABLE = YES;
				IPHONEOS_DEPLOYMENT_TARGET = 9.0;
				MTL_ENABLE_DEBUG_INFO = YES;
				ONLY_ACTIVE_ARCH = YES;
				SDKROOT = iphoneos;
				TARGETED_DEVICE_FAMILY = "1,2";
			};
			name = Debug;
		};
		25E40C7A1B3DA9DC0018A43F /* Release */ = {
			isa = XCBuildConfiguration;
			buildSettings = {
				ALWAYS_SEARCH_USER_PATHS = NO;
				CLANG_CXX_LANGUAGE_STANDARD = "gnu++0x";
				CLANG_CXX_LIBRARY = "libc++";
				CLANG_ENABLE_MODULES = YES;
				CLANG_ENABLE_OBJC_ARC = YES;
				CLANG_WARN_BOOL_CONVERSION = YES;
				CLANG_WARN_CONSTANT_CONVERSION = YES;
				CLANG_WARN_DIRECT_OBJC_ISA_USAGE = YES_ERROR;
				CLANG_WARN_EMPTY_BODY = YES;
				CLANG_WARN_ENUM_CONVERSION = YES;
				CLANG_WARN_INT_CONVERSION = YES;
				CLANG_WARN_OBJC_ROOT_CLASS = YES_ERROR;
				CLANG_WARN_UNREACHABLE_CODE = YES;
				CLANG_WARN__DUPLICATE_METHOD_MATCH = YES;
				"CODE_SIGN_IDENTITY[sdk=iphoneos*]" = "iPhone Developer";
				COPY_PHASE_STRIP = NO;
				DEBUG_INFORMATION_FORMAT = "dwarf-with-dsym";
				ENABLE_NS_ASSERTIONS = NO;
				ENABLE_STRICT_OBJC_MSGSEND = YES;
				GCC_C_LANGUAGE_STANDARD = gnu99;
				GCC_NO_COMMON_BLOCKS = YES;
				GCC_WARN_64_TO_32_BIT_CONVERSION = YES;
				GCC_WARN_ABOUT_RETURN_TYPE = YES_ERROR;
				GCC_WARN_UNDECLARED_SELECTOR = YES;
				GCC_WARN_UNINITIALIZED_AUTOS = YES_AGGRESSIVE;
				GCC_WARN_UNUSED_FUNCTION = YES;
				GCC_WARN_UNUSED_VARIABLE = YES;
				IPHONEOS_DEPLOYMENT_TARGET = 9.0;
				MTL_ENABLE_DEBUG_INFO = NO;
				SDKROOT = iphoneos;
				TARGETED_DEVICE_FAMILY = "1,2";
				VALIDATE_PRODUCT = YES;
			};
			name = Release;
		};
		25E40C7C1B3DA9DC0018A43F /* Debug */ = {
			isa = XCBuildConfiguration;
			baseConfigurationReference = F4562E682679A165A210D67A /* Pods.debug.xcconfig */;
			buildSettings = {
				ASSETCATALOG_COMPILER_APPICON_NAME = AppIcon;
				CODE_SIGN_IDENTITY = "iPhone Developer";
				INFOPLIST_FILE = DLWebServiceStructure/Info.plist;
				LD_RUNPATH_SEARCH_PATHS = "$(inherited) @executable_path/Frameworks";
				PRODUCT_BUNDLE_IDENTIFIER = com.durgesh.workspace.DLWebServiceStructure;
				PRODUCT_NAME = "$(TARGET_NAME)";
			};
			name = Debug;
		};
		25E40C7D1B3DA9DC0018A43F /* Release */ = {
			isa = XCBuildConfiguration;
			baseConfigurationReference = BB2B24E15924C9F2DDA627C8 /* Pods.release.xcconfig */;
			buildSettings = {
				ASSETCATALOG_COMPILER_APPICON_NAME = AppIcon;
				CODE_SIGN_IDENTITY = "iPhone Developer";
				INFOPLIST_FILE = DLWebServiceStructure/Info.plist;
				LD_RUNPATH_SEARCH_PATHS = "$(inherited) @executable_path/Frameworks";
				PRODUCT_BUNDLE_IDENTIFIER = com.durgesh.workspace.DLWebServiceStructure;
				PRODUCT_NAME = "$(TARGET_NAME)";
			};
			name = Release;
		};
		25E40C7F1B3DA9DC0018A43F /* Debug */ = {
			isa = XCBuildConfiguration;
			buildSettings = {
				BUNDLE_LOADER = "$(TEST_HOST)";
				INFOPLIST_FILE = DLWebServiceStructureTests/Info.plist;
				LD_RUNPATH_SEARCH_PATHS = "$(inherited) @executable_path/Frameworks @loader_path/Frameworks";
				PRODUCT_BUNDLE_IDENTIFIER = com.durgesh.workspace.DLWebServiceStructureTests;
				PRODUCT_NAME = "$(TARGET_NAME)";
				TEST_HOST = "$(BUILT_PRODUCTS_DIR)/DLWebServiceStructure.app/DLWebServiceStructure";
			};
			name = Debug;
		};
		25E40C801B3DA9DC0018A43F /* Release */ = {
			isa = XCBuildConfiguration;
			buildSettings = {
				BUNDLE_LOADER = "$(TEST_HOST)";
				INFOPLIST_FILE = DLWebServiceStructureTests/Info.plist;
				LD_RUNPATH_SEARCH_PATHS = "$(inherited) @executable_path/Frameworks @loader_path/Frameworks";
				PRODUCT_BUNDLE_IDENTIFIER = com.durgesh.workspace.DLWebServiceStructureTests;
				PRODUCT_NAME = "$(TARGET_NAME)";
				TEST_HOST = "$(BUILT_PRODUCTS_DIR)/DLWebServiceStructure.app/DLWebServiceStructure";
			};
			name = Release;
		};
		25E40C821B3DA9DC0018A43F /* Debug */ = {
			isa = XCBuildConfiguration;
			buildSettings = {
				INFOPLIST_FILE = DLWebServiceStructureUITests/Info.plist;
				LD_RUNPATH_SEARCH_PATHS = "$(inherited) @executable_path/Frameworks @loader_path/Frameworks";
				PRODUCT_BUNDLE_IDENTIFIER = com.durgesh.workspace.DLWebServiceStructureUITests;
				PRODUCT_NAME = "$(TARGET_NAME)";
				TEST_TARGET_NAME = DLWebServiceStructure;
				USES_XCTRUNNER = YES;
			};
			name = Debug;
		};
		25E40C831B3DA9DC0018A43F /* Release */ = {
			isa = XCBuildConfiguration;
			buildSettings = {
				INFOPLIST_FILE = DLWebServiceStructureUITests/Info.plist;
				LD_RUNPATH_SEARCH_PATHS = "$(inherited) @executable_path/Frameworks @loader_path/Frameworks";
				PRODUCT_BUNDLE_IDENTIFIER = com.durgesh.workspace.DLWebServiceStructureUITests;
				PRODUCT_NAME = "$(TARGET_NAME)";
				TEST_TARGET_NAME = DLWebServiceStructure;
				USES_XCTRUNNER = YES;
			};
			name = Release;
		};
/* End XCBuildConfiguration section */

/* Begin XCConfigurationList section */
		25E40C431B3DA9DB0018A43F /* Build configuration list for PBXProject "DLWebServiceStructure" */ = {
			isa = XCConfigurationList;
			buildConfigurations = (
				25E40C791B3DA9DC0018A43F /* Debug */,
				25E40C7A1B3DA9DC0018A43F /* Release */,
			);
			defaultConfigurationIsVisible = 0;
			defaultConfigurationName = Release;
		};
		25E40C7B1B3DA9DC0018A43F /* Build configuration list for PBXNativeTarget "DLWebServiceStructure" */ = {
			isa = XCConfigurationList;
			buildConfigurations = (
				25E40C7C1B3DA9DC0018A43F /* Debug */,
				25E40C7D1B3DA9DC0018A43F /* Release */,
			);
			defaultConfigurationIsVisible = 0;
			defaultConfigurationName = Release;
		};
		25E40C7E1B3DA9DC0018A43F /* Build configuration list for PBXNativeTarget "DLWebServiceStructureTests" */ = {
			isa = XCConfigurationList;
			buildConfigurations = (
				25E40C7F1B3DA9DC0018A43F /* Debug */,
				25E40C801B3DA9DC0018A43F /* Release */,
			);
			defaultConfigurationIsVisible = 0;
			defaultConfigurationName = Release;
		};
		25E40C811B3DA9DC0018A43F /* Build configuration list for PBXNativeTarget "DLWebServiceStructureUITests" */ = {
			isa = XCConfigurationList;
			buildConfigurations = (
				25E40C821B3DA9DC0018A43F /* Debug */,
				25E40C831B3DA9DC0018A43F /* Release */,
			);
			defaultConfigurationIsVisible = 0;
			defaultConfigurationName = Release;
		};
/* End XCConfigurationList section */

/* Begin XCVersionGroup section */
		25E40C511B3DA9DB0018A43F /* DLWebServiceStructure.xcdatamodeld */ = {
			isa = XCVersionGroup;
			children = (
				25E40C521B3DA9DB0018A43F /* DLWebServiceStructure.xcdatamodel */,
			);
			currentVersion = 25E40C521B3DA9DB0018A43F /* DLWebServiceStructure.xcdatamodel */;
			path = DLWebServiceStructure.xcdatamodeld;
			sourceTree = "<group>";
			versionGroupType = wrapper.xcdatamodel;
		};
/* End XCVersionGroup section */
	};
	rootObject = 25E40C401B3DA9DB0018A43F /* Project object */;
}
